# This file is automatically @generated by Cargo.
# It is not intended for manual editing.
version = 4

[[package]]
name = "cache"
version = "0.1.0"

[[package]]
name = "codec"
version = "0.1.0"

[[package]]
name = "cryptography"
version = "0.1.0"

[[package]]
name = "net"
version = "0.1.0"

[[package]]
name = "primitives"
version = "0.1.0"

[[package]]
name = "storage"
version = "0.1.0"

[[package]]
name = "svd-oms"
version = "0.1.0"

[[package]]
name = "svd-posttrade"
version = "0.1.0"

[[package]]
name = "svd-pretrade"
version = "0.1.0"

[[package]]
name = "svd-settle"
version = "0.1.0"

[[package]]
name = "svd-sync"
version = "0.1.0"

[[package]]
name = "util"
version = "0.1.0"
